
Microsoft Visual Studio Solution File, Format Version 12.00
# Visual Studio 15
VisualStudioVersion = 15.0.28307.705
MinimumVisualStudioVersion = 10.0.40219.1
Project("{FAE04EC0-301F-11D3-BF4B-00C04F79EFBC}") = "VideoDownLoad", "VideoDownLoad\VideoDownLoad.csproj", "{87AEA598-5DB1-47FF-BFE5-82AF2802A94C}"
EndProject
Project("{FAE04EC0-301F-11D3-BF4B-00C04F79EFBC}") = "WebDownload", "WebDownload\WebDownload.csproj", "{0514AC72-ED81-4A2B-A1F5-A629C83163E1}"
EndProject
Global
	GlobalSection(SolutionConfigurationPlatforms) = preSolution
		Debug|Any CPU = Debug|Any CPU
		Release|Any CPU = Release|Any CPU
	EndGlobalSection
	GlobalSection(ProjectConfigurationPlatforms) = postSolution
		{87AEA598-5DB1-47FF-BFE5-82AF2802A94C}.Debug|Any CPU.ActiveCfg = Debug|Any CPU
		{87AEA598-5DB1-47FF-BFE5-82AF2802A94C}.Debug|Any CPU.Build.0 = Debug|Any CPU
		{87AEA598-5DB1-47FF-BFE5-82AF2802A94C}.Release|Any CPU.ActiveCfg = Release|Any CPU
		{87AEA598-5DB1-47FF-BFE5-82AF2802A94C}.Release|Any CPU.Build.0 = Release|Any CPU
		{0514AC72-ED81-4A2B-A1F5-A629C83163E1}.Debug|Any CPU.ActiveCfg = Debug|Any CPU
		{0514AC72-ED81-4A2B-A1F5-A629C83163E1}.Debug|Any CPU.Build.0 = Debug|Any CPU
		{0514AC72-ED81-4A2B-A1F5-A629C83163E1}.Release|Any CPU.ActiveCfg = Release|Any CPU
		{0514AC72-ED81-4A2B-A1F5-A629C83163E1}.Release|Any CPU.Build.0 = Release|Any CPU
	EndGlobalSection
	GlobalSection(SolutionProperties) = preSolution
		HideSolutionNode = FALSE
	EndGlobalSection
	GlobalSection(ExtensibilityGlobals) = postSolution
		SolutionGuid = {8A096064-944D-470E-A863-65271293BE1F}
	EndGlobalSection
EndGlobal
